
Microsoft Visual Studio Solution File, Format Version 12.00
# Visual Studio 14
VisualStudioVersion = 14.0.25420.1
MinimumVisualStudioVersion = 10.0.40219.1
Project("{FAE04EC0-301F-11D3-BF4B-00C04F79EFBC}") = "SomeCardGames", "SomeCardGames\SomeCardGames.csproj", "{2BA0BDC5-72DA-4CA2-9548-E383A7794B2D}"
EndProject
Project("{FAE04EC0-301F-11D3-BF4B-00C04F79EFBC}") = "MainResources(HighestResolution)", "MainResources\MainResources(HighestResolution).csproj", "{D7871AE5-E69B-4D92-BB0A-E8BEB8EA35B0}"
EndProject
Project("{FAE04EC0-301F-11D3-BF4B-00C04F79EFBC}") = "MainResources960x1440", "MainResources960x1440\MainResources960x1440.csproj", "{621D511A-A7D6-4DDD-BF8B-8ACE52B89F60}"
EndProject
Project("{FAE04EC0-301F-11D3-BF4B-00C04F79EFBC}") = "MainResources870x1200", "MainResources870x1200\MainResources870x1200.csproj", "{B2A1A93B-FD63-4B5D-93A4-64410C2FCCDA}"
EndProject
Global
	GlobalSection(SolutionConfigurationPlatforms) = preSolution
		Debug|Any CPU = Debug|Any CPU
		Debug|x64 = Debug|x64
		Release|Any CPU = Release|Any CPU
		Release|x64 = Release|x64
	EndGlobalSection
	GlobalSection(ProjectConfigurationPlatforms) = postSolution
		{2BA0BDC5-72DA-4CA2-9548-E383A7794B2D}.Debug|Any CPU.ActiveCfg = Debug|Any CPU
		{2BA0BDC5-72DA-4CA2-9548-E383A7794B2D}.Debug|Any CPU.Build.0 = Debug|Any CPU
		{2BA0BDC5-72DA-4CA2-9548-E383A7794B2D}.Debug|x64.ActiveCfg = Debug|x64
		{2BA0BDC5-72DA-4CA2-9548-E383A7794B2D}.Debug|x64.Build.0 = Debug|x64
		{2BA0BDC5-72DA-4CA2-9548-E383A7794B2D}.Release|Any CPU.ActiveCfg = Release|Any CPU
		{2BA0BDC5-72DA-4CA2-9548-E383A7794B2D}.Release|Any CPU.Build.0 = Release|Any CPU
		{2BA0BDC5-72DA-4CA2-9548-E383A7794B2D}.Release|x64.ActiveCfg = Release|x64
		{2BA0BDC5-72DA-4CA2-9548-E383A7794B2D}.Release|x64.Build.0 = Release|x64
		{D7871AE5-E69B-4D92-BB0A-E8BEB8EA35B0}.Debug|Any CPU.ActiveCfg = Debug|Any CPU
		{D7871AE5-E69B-4D92-BB0A-E8BEB8EA35B0}.Debug|Any CPU.Build.0 = Debug|Any CPU
		{D7871AE5-E69B-4D92-BB0A-E8BEB8EA35B0}.Debug|x64.ActiveCfg = Debug|x64
		{D7871AE5-E69B-4D92-BB0A-E8BEB8EA35B0}.Debug|x64.Build.0 = Debug|x64
		{D7871AE5-E69B-4D92-BB0A-E8BEB8EA35B0}.Release|Any CPU.ActiveCfg = Release|Any CPU
		{D7871AE5-E69B-4D92-BB0A-E8BEB8EA35B0}.Release|Any CPU.Build.0 = Release|Any CPU
		{D7871AE5-E69B-4D92-BB0A-E8BEB8EA35B0}.Release|x64.ActiveCfg = Release|x64
		{D7871AE5-E69B-4D92-BB0A-E8BEB8EA35B0}.Release|x64.Build.0 = Release|x64
		{621D511A-A7D6-4DDD-BF8B-8ACE52B89F60}.Debug|Any CPU.ActiveCfg = Debug|Any CPU
		{621D511A-A7D6-4DDD-BF8B-8ACE52B89F60}.Debug|Any CPU.Build.0 = Debug|Any CPU
		{621D511A-A7D6-4DDD-BF8B-8ACE52B89F60}.Debug|x64.ActiveCfg = Debug|Any CPU
		{621D511A-A7D6-4DDD-BF8B-8ACE52B89F60}.Debug|x64.Build.0 = Debug|Any CPU
		{621D511A-A7D6-4DDD-BF8B-8ACE52B89F60}.Release|Any CPU.ActiveCfg = Release|Any CPU
		{621D511A-A7D6-4DDD-BF8B-8ACE52B89F60}.Release|Any CPU.Build.0 = Release|Any CPU
		{621D511A-A7D6-4DDD-BF8B-8ACE52B89F60}.Release|x64.ActiveCfg = Release|Any CPU
		{621D511A-A7D6-4DDD-BF8B-8ACE52B89F60}.Release|x64.Build.0 = Release|Any CPU
		{B2A1A93B-FD63-4B5D-93A4-64410C2FCCDA}.Debug|Any CPU.ActiveCfg = Debug|Any CPU
		{B2A1A93B-FD63-4B5D-93A4-64410C2FCCDA}.Debug|Any CPU.Build.0 = Debug|Any CPU
		{B2A1A93B-FD63-4B5D-93A4-64410C2FCCDA}.Debug|x64.ActiveCfg = Debug|Any CPU
		{B2A1A93B-FD63-4B5D-93A4-64410C2FCCDA}.Debug|x64.Build.0 = Debug|Any CPU
		{B2A1A93B-FD63-4B5D-93A4-64410C2FCCDA}.Release|Any CPU.ActiveCfg = Release|Any CPU
		{B2A1A93B-FD63-4B5D-93A4-64410C2FCCDA}.Release|Any CPU.Build.0 = Release|Any CPU
		{B2A1A93B-FD63-4B5D-93A4-64410C2FCCDA}.Release|x64.ActiveCfg = Release|Any CPU
		{B2A1A93B-FD63-4B5D-93A4-64410C2FCCDA}.Release|x64.Build.0 = Release|Any CPU
	EndGlobalSection
	GlobalSection(SolutionProperties) = preSolution
		HideSolutionNode = FALSE
	EndGlobalSection
EndGlobal
